[[package]]
category = "main"
description = "ruamel.yaml is a YAML parser/emitter that supports roundtrip preservation of comments, seq/map flow style, and map key order"
name = "ruamel.yaml"
optional = false
python-versions = "*"
version = "0.15.97"

[metadata]
content-hash = "65bf3ce9289fc550bcf07c42011bee93c6f2b6d8acbe5f399d370544a0960e1d"
python-versions = "^3.7"

[metadata.hashes]
"ruamel.yaml" = ["17dbf6b7362e7aee8494f7a0f5cffd44902a6331fe89ef0853b855a7930ab845", "23731c9efb79f3f5609dedffeb6c5c47a68125fd3d4b157d9fc71b1cd49076a9", "2bbdd598ae57bac20968cf9028cc67d37d83bdb7942a94b9478110bc72193148", "34586084cdd60845a3e1bece2b58f0a889be25450db8cc0ea143ddf0f40557a2", "35957fedbb287b01313bb5c556ffdc70c0277c3500213b5e73dfd8716f748d77", "414cb87a40974a575830b406ffab4ab8c6cbd82eeb73abd2a9d1397c1f0223e1", "428775be75db68d908b17e4e8dda424c410222f170dc173246aa63e972d094b3", "514f670f7d36519bda504d507edfe63e3c20489f86c86d42bc4d9a6dbdf82c7b", "5cb962c1ac6887c5da29138fbbe3b4b7705372eb54e599907fa63d4cd743246d", "5f6e30282cf70fb7754e1a5f101e27b5240009766376e131b31ab49f14fe81be", "86f8e010af6af0b4f42de2d0d9b19cb441e61d3416082186f9dd03c8552d13ad", "8d47ed1e557d546bd2dfe54f504d7274274602ff7a0652cde84c258ad6c2d96d", "98668876720bce1ac08562d8b93a564a80e3397e442c7ea19cebdcdf73da7f74", "9e1f0ddc18d8355dcf5586a5d90417df56074f237812b8682a93b62cca9d2043", "a7bc812a72a79d6b7dbb96fa5bee3950464b65ec055d3abc4db6572f2373a95c", "b72e13f9f206ee103247b07afd5a39c8b1aa98e8eba80ddba184d030337220ba", "bcff8ea9d916789e85e24beed8830c157fb8bc7c313e554733a8151540e66c01", "c76e78b3bab652069b8d6f7889b0e72f3455c2b854b2e0a8818393d149ad0a0d"]
